
Microsoft Visual Studio Solution File, Format Version 12.00
# Visual Studio Version 17
VisualStudioVersion = 17.11.35312.102
MinimumVisualStudioVersion = 10.0.40219.1
Project("{FAE04EC0-301F-11D3-BF4B-00C04F79EFBC}") = "TXTRPG", "TXTRPG\TXTRPG.csproj", "{79A6DFDD-256A-4AF0-875A-CBCF06DBE10B}"
EndProject
Global
	GlobalSection(SolutionConfigurationPlatforms) = preSolution
		Debug|Any CPU = Debug|Any CPU
		Release|Any CPU = Release|Any CPU
	EndGlobalSection
	GlobalSection(ProjectConfigurationPlatforms) = postSolution
		{79A6DFDD-256A-4AF0-875A-CBCF06DBE10B}.Debug|Any CPU.ActiveCfg = Debug|Any CPU
		{79A6DFDD-256A-4AF0-875A-CBCF06DBE10B}.Debug|Any CPU.Build.0 = Debug|Any CPU
		{79A6DFDD-256A-4AF0-875A-CBCF06DBE10B}.Release|Any CPU.ActiveCfg = Release|Any CPU
		{79A6DFDD-256A-4AF0-875A-CBCF06DBE10B}.Release|Any CPU.Build.0 = Release|Any CPU
	EndGlobalSection
	GlobalSection(SolutionProperties) = preSolution
		HideSolutionNode = FALSE
	EndGlobalSection
	GlobalSection(ExtensibilityGlobals) = postSolution
		SolutionGuid = {BD6ABC5D-D4A4-48D5-8D9B-BEEF0E38C68A}
	EndGlobalSection
EndGlobal
